
Microsoft Visual Studio Solution File, Format Version 11.00
# Visual Studio 2010
Project("{FAE04EC0-301F-11D3-BF4B-00C04F79EFBC}") = "ServiceProviderExtensions", "ServiceProviderExtensions\ServiceProviderExtensions.csproj", "{37FEB79E-B5AC-42E7-BC1E-86372255C1EE}"
EndProject
Project("{2150E333-8FDC-42A3-9474-1A3956D46DE8}") = ".nuget", ".nuget", "{7AF6524B-29DC-4843-88D2-89400397915A}"
	ProjectSection(SolutionItems) = preProject
		.nuget\NuGet.Config = .nuget\NuGet.Config
		.nuget\nuget.exe = .nuget\nuget.exe
		.nuget\NuGet.targets = .nuget\NuGet.targets
	EndProjectSection
EndProject
Project("{2150E333-8FDC-42A3-9474-1A3956D46DE8}") = "Solution Items", "Solution Items", "{918B6FBC-9713-4A94-9732-9342C910D9DF}"
	ProjectSection(SolutionItems) = preProject
		.gitignore = .gitignore
		CodeCoverage.testsettings = CodeCoverage.testsettings
		Local.testsettings = Local.testsettings
		README.md = README.md
		ServiceProviderExtensions.vsmdi = ServiceProviderExtensions.vsmdi
		TraceAndTestImpact.testsettings = TraceAndTestImpact.testsettings
	EndProjectSection
EndProject
Project("{FAE04EC0-301F-11D3-BF4B-00C04F79EFBC}") = "ServiceProviderExtensions.CodeFacts", "ServiceProviderExtensions.CodeFacts\ServiceProviderExtensions.CodeFacts.csproj", "{BB364FC4-B600-469B-9662-6141A292AD78}"
EndProject
Global
	GlobalSection(TestCaseManagementSettings) = postSolution
		CategoryFile = ServiceProviderExtensions.vsmdi
	EndGlobalSection
	GlobalSection(SolutionConfigurationPlatforms) = preSolution
		Debug|Any CPU = Debug|Any CPU
		Release|Any CPU = Release|Any CPU
	EndGlobalSection
	GlobalSection(ProjectConfigurationPlatforms) = postSolution
		{37FEB79E-B5AC-42E7-BC1E-86372255C1EE}.Debug|Any CPU.ActiveCfg = Debug|Any CPU
		{37FEB79E-B5AC-42E7-BC1E-86372255C1EE}.Debug|Any CPU.Build.0 = Debug|Any CPU
		{37FEB79E-B5AC-42E7-BC1E-86372255C1EE}.Release|Any CPU.ActiveCfg = Release|Any CPU
		{37FEB79E-B5AC-42E7-BC1E-86372255C1EE}.Release|Any CPU.Build.0 = Release|Any CPU
		{BB364FC4-B600-469B-9662-6141A292AD78}.Debug|Any CPU.ActiveCfg = Debug|Any CPU
		{BB364FC4-B600-469B-9662-6141A292AD78}.Debug|Any CPU.Build.0 = Debug|Any CPU
		{BB364FC4-B600-469B-9662-6141A292AD78}.Release|Any CPU.ActiveCfg = Release|Any CPU
		{BB364FC4-B600-469B-9662-6141A292AD78}.Release|Any CPU.Build.0 = Release|Any CPU
	EndGlobalSection
	GlobalSection(SolutionProperties) = preSolution
		HideSolutionNode = FALSE
	EndGlobalSection
EndGlobal
